// !$*UTF8*$!
{
	archiveVersion = 1;
	classes = {
	};
	objectVersion = 50;
	objects = {

/* Begin PBXBuildFile section */
		D4139F1122E87F98000F8597 /* ESKTabBarCollectionView.m in Sources */ = {isa = PBXBuildFile; fileRef = D4139F1022E87F98000F8597 /* ESKTabBarCollectionView.m */; };
		D41E103522ED117C001E698A /* ESKProfilePresenter.m in Sources */ = {isa = PBXBuildFile; fileRef = D41E103422ED117C001E698A /* ESKProfilePresenter.m */; };
		D41E103922EDD65E001E698A /* ESKUser.m in Sources */ = {isa = PBXBuildFile; fileRef = D41E103822EDD65E001E698A /* ESKUser.m */; };
		D41E103C22EDDBF4001E698A /* ESKAuthenticationPresenter.m in Sources */ = {isa = PBXBuildFile; fileRef = D41E103B22EDDBF4001E698A /* ESKAuthenticationPresenter.m */; };
		D41E103F22EDF081001E698A /* ESKRegistrationPresenter.m in Sources */ = {isa = PBXBuildFile; fileRef = D41E103E22EDF081001E698A /* ESKRegistrationPresenter.m */; };
		D43AF8B222E45038000861AE /* ESKDraggingCloseView.m in Sources */ = {isa = PBXBuildFile; fileRef = D43AF8B122E45038000861AE /* ESKDraggingCloseView.m */; };
		D43AF8B722E66E6A000861AE /* ESKTabBar.m in Sources */ = {isa = PBXBuildFile; fileRef = D43AF8B622E66E6A000861AE /* ESKTabBar.m */; };
		D43AF8BA22E66F49000861AE /* ESKTabBarItem.m in Sources */ = {isa = PBXBuildFile; fileRef = D43AF8B922E66F49000861AE /* ESKTabBarItem.m */; };
		D43AF8C022E794C7000861AE /* ESKContainerCollectionViewCell.m in Sources */ = {isa = PBXBuildFile; fileRef = D43AF8BF22E794C7000861AE /* ESKContainerCollectionViewCell.m */; };
		D43AF8C322E7A589000861AE /* ESKContainerViewController.m in Sources */ = {isa = PBXBuildFile; fileRef = D43AF8C222E7A589000861AE /* ESKContainerViewController.m */; };
		D43AF8CB22E83F73000861AE /* ESKContainerCollectionView.m in Sources */ = {isa = PBXBuildFile; fileRef = D43AF8CA22E83F73000861AE /* ESKContainerCollectionView.m */; };
		D43AF8CE22E83FA3000861AE /* ESKContainerCollectionViewController.m in Sources */ = {isa = PBXBuildFile; fileRef = D43AF8CD22E83FA3000861AE /* ESKContainerCollectionViewController.m */; };
		D4404CE722EE527100B0BA37 /* ESKArcView.m in Sources */ = {isa = PBXBuildFile; fileRef = D4404CE622EE527100B0BA37 /* ESKArcView.m */; };
		D44BF79622CBD19800D112E3 /* AppDelegate.m in Sources */ = {isa = PBXBuildFile; fileRef = D44BF79522CBD19800D112E3 /* AppDelegate.m */; };
		D44BF79922CBD19800D112E3 /* ViewController.m in Sources */ = {isa = PBXBuildFile; fileRef = D44BF79822CBD19800D112E3 /* ViewController.m */; };
		D44BF79C22CBD19800D112E3 /* Main.storyboard in Resources */ = {isa = PBXBuildFile; fileRef = D44BF79A22CBD19800D112E3 /* Main.storyboard */; };
		D44BF79E22CBD19B00D112E3 /* Assets.xcassets in Resources */ = {isa = PBXBuildFile; fileRef = D44BF79D22CBD19B00D112E3 /* Assets.xcassets */; };
		D44BF7A122CBD19B00D112E3 /* LaunchScreen.storyboard in Resources */ = {isa = PBXBuildFile; fileRef = D44BF79F22CBD19B00D112E3 /* LaunchScreen.storyboard */; };
		D44BF7A422CBD19B00D112E3 /* main.m in Sources */ = {isa = PBXBuildFile; fileRef = D44BF7A322CBD19B00D112E3 /* main.m */; };
		D44BF7D122D239DD00D112E3 /* ESKTextField.m in Sources */ = {isa = PBXBuildFile; fileRef = D44BF7D022D239DD00D112E3 /* ESKTextField.m */; };
		D44BF7D822D3F0CF00D112E3 /* ESKRegistrationView.m in Sources */ = {isa = PBXBuildFile; fileRef = D44BF7D722D3F0CF00D112E3 /* ESKRegistrationView.m */; };
		D44BF7E522D88B9F00D112E3 /* ESKAuthenticationView.m in Sources */ = {isa = PBXBuildFile; fileRef = D44BF7E422D88B9F00D112E3 /* ESKAuthenticationView.m */; };
		D44BF7E822D88BB300D112E3 /* ESKAuthenticationViewController.m in Sources */ = {isa = PBXBuildFile; fileRef = D44BF7E722D88BB300D112E3 /* ESKAuthenticationViewController.m */; };
		D44BF7F122D8A15300D112E3 /* ESKRegistrationViewController.m in Sources */ = {isa = PBXBuildFile; fileRef = D44BF7F022D8A15300D112E3 /* ESKRegistrationViewController.m */; };
		D44BF7F622D8B28D00D112E3 /* ESKAuthorizationService.m in Sources */ = {isa = PBXBuildFile; fileRef = D44BF7F522D8B28D00D112E3 /* ESKAuthorizationService.m */; };
		D4CED2DF22EAC2B700AE5D3E /* ESKNotAuthorizedProfileView.m in Sources */ = {isa = PBXBuildFile; fileRef = D4CED2DE22EAC2B700AE5D3E /* ESKNotAuthorizedProfileView.m */; };
		D4CED2E222EAC2CD00AE5D3E /* ESKProfileViewController.m in Sources */ = {isa = PBXBuildFile; fileRef = D4CED2E122EAC2CD00AE5D3E /* ESKProfileViewController.m */; };
		D4CED2E622EADF3A00AE5D3E /* ESKProfileView.m in Sources */ = {isa = PBXBuildFile; fileRef = D4CED2E522EADF3A00AE5D3E /* ESKProfileView.m */; };
		D4CED2EA22EAE21C00AE5D3E /* ESKNetworkService.m in Sources */ = {isa = PBXBuildFile; fileRef = D4CED2E922EAE21C00AE5D3E /* ESKNetworkService.m */; };
		D4CED2EE22EAE24F00AE5D3E /* ESKNetworkHelper.m in Sources */ = {isa = PBXBuildFile; fileRef = D4CED2ED22EAE24F00AE5D3E /* ESKNetworkHelper.m */; };
		D4CED2F422EB514000AE5D3E /* ESKProfileModele.m in Sources */ = {isa = PBXBuildFile; fileRef = D4CED2F322EB514000AE5D3E /* ESKProfileModele.m */; };
		D4CED2FB22EC481300AE5D3E /* ESKWallViewController.m in Sources */ = {isa = PBXBuildFile; fileRef = D4CED2FA22EC481300AE5D3E /* ESKWallViewController.m */; };
		D4CED2FE22EC483D00AE5D3E /* ESKWallPostCell.m in Sources */ = {isa = PBXBuildFile; fileRef = D4CED2FD22EC483D00AE5D3E /* ESKWallPostCell.m */; };
		D4CED30122EC4E1200AE5D3E /* Post.m in Sources */ = {isa = PBXBuildFile; fileRef = D4CED30022EC4E1200AE5D3E /* Post.m */; };
		D4CED30422EC619700AE5D3E /* ESKWallCollectionView.m in Sources */ = {isa = PBXBuildFile; fileRef = D4CED30322EC619700AE5D3E /* ESKWallCollectionView.m */; };
/* End PBXBuildFile section */

/* Begin PBXFileReference section */
		D4139F0E22E87E7A000F8597 /* ESKTabBatProtocols.h */ = {isa = PBXFileReference; lastKnownFileType = sourcecode.c.h; path = ESKTabBatProtocols.h; sourceTree = "<group>"; };
		D4139F0F22E87F98000F8597 /* ESKTabBarCollectionView.h */ = {isa = PBXFileReference; lastKnownFileType = sourcecode.c.h; path = ESKTabBarCollectionView.h; sourceTree = "<group>"; };
		D4139F1022E87F98000F8597 /* ESKTabBarCollectionView.m */ = {isa = PBXFileReference; lastKnownFileType = sourcecode.c.objc; path = ESKTabBarCollectionView.m; sourceTree = "<group>"; };
		D41E103322ED117C001E698A /* ESKProfilePresenter.h */ = {isa = PBXFileReference; lastKnownFileType = sourcecode.c.h; path = ESKProfilePresenter.h; sourceTree = "<group>"; };
		D41E103422ED117C001E698A /* ESKProfilePresenter.m */ = {isa = PBXFileReference; lastKnownFileType = sourcecode.c.objc; path = ESKProfilePresenter.m; sourceTree = "<group>"; };
		D41E103622EDC404001E698A /* WallViewProtocols.h */ = {isa = PBXFileReference; lastKnownFileType = sourcecode.c.h; path = WallViewProtocols.h; sourceTree = "<group>"; };
		D41E103722EDD65E001E698A /* ESKUser.h */ = {isa = PBXFileReference; lastKnownFileType = sourcecode.c.h; path = ESKUser.h; sourceTree = "<group>"; };
		D41E103822EDD65E001E698A /* ESKUser.m */ = {isa = PBXFileReference; lastKnownFileType = sourcecode.c.objc; path = ESKUser.m; sourceTree = "<group>"; };
		D41E103A22EDDBF4001E698A /* ESKAuthenticationPresenter.h */ = {isa = PBXFileReference; lastKnownFileType = sourcecode.c.h; path = ESKAuthenticationPresenter.h; sourceTree = "<group>"; };
		D41E103B22EDDBF4001E698A /* ESKAuthenticationPresenter.m */ = {isa = PBXFileReference; lastKnownFileType = sourcecode.c.objc; path = ESKAuthenticationPresenter.m; sourceTree = "<group>"; };
		D41E103D22EDF081001E698A /* ESKRegistrationPresenter.h */ = {isa = PBXFileReference; lastKnownFileType = sourcecode.c.h; path = ESKRegistrationPresenter.h; sourceTree = "<group>"; };
		D41E103E22EDF081001E698A /* ESKRegistrationPresenter.m */ = {isa = PBXFileReference; lastKnownFileType = sourcecode.c.objc; path = ESKRegistrationPresenter.m; sourceTree = "<group>"; };
		D43AF8AB22E332D6000861AE /* ESKConstants.h */ = {isa = PBXFileReference; lastKnownFileType = sourcecode.c.h; path = ESKConstants.h; sourceTree = "<group>"; };
		D43AF8AD22E33A13000861AE /* ESKUserDefaultsHelper.h */ = {isa = PBXFileReference; lastKnownFileType = sourcecode.c.h; path = ESKUserDefaultsHelper.h; sourceTree = "<group>"; };
		D43AF8B022E45038000861AE /* ESKDraggingCloseView.h */ = {isa = PBXFileReference; lastKnownFileType = sourcecode.c.h; path = ESKDraggingCloseView.h; sourceTree = "<group>"; };
		D43AF8B122E45038000861AE /* ESKDraggingCloseView.m */ = {isa = PBXFileReference; lastKnownFileType = sourcecode.c.objc; path = ESKDraggingCloseView.m; sourceTree = "<group>"; };
		D43AF8B322E46C52000861AE /* ESKCloseViewProtocol.h */ = {isa = PBXFileReference; lastKnownFileType = sourcecode.c.h; path = ESKCloseViewProtocol.h; sourceTree = "<group>"; };
		D43AF8B522E66E6A000861AE /* ESKTabBar.h */ = {isa = PBXFileReference; lastKnownFileType = sourcecode.c.h; path = ESKTabBar.h; sourceTree = "<group>"; };
		D43AF8B622E66E6A000861AE /* ESKTabBar.m */ = {isa = PBXFileReference; lastKnownFileType = sourcecode.c.objc; path = ESKTabBar.m; sourceTree = "<group>"; };
		D43AF8B822E66F49000861AE /* ESKTabBarItem.h */ = {isa = PBXFileReference; lastKnownFileType = sourcecode.c.h; path = ESKTabBarItem.h; sourceTree = "<group>"; };
		D43AF8B922E66F49000861AE /* ESKTabBarItem.m */ = {isa = PBXFileReference; lastKnownFileType = sourcecode.c.objc; path = ESKTabBarItem.m; sourceTree = "<group>"; };
		D43AF8BE22E794C7000861AE /* ESKContainerCollectionViewCell.h */ = {isa = PBXFileReference; lastKnownFileType = sourcecode.c.h; path = ESKContainerCollectionViewCell.h; sourceTree = "<group>"; };
		D43AF8BF22E794C7000861AE /* ESKContainerCollectionViewCell.m */ = {isa = PBXFileReference; lastKnownFileType = sourcecode.c.objc; path = ESKContainerCollectionViewCell.m; sourceTree = "<group>"; };
		D43AF8C122E7A589000861AE /* ESKContainerViewController.h */ = {isa = PBXFileReference; lastKnownFileType = sourcecode.c.h; path = ESKContainerViewController.h; sourceTree = "<group>"; };
		D43AF8C222E7A589000861AE /* ESKContainerViewController.m */ = {isa = PBXFileReference; lastKnownFileType = sourcecode.c.objc; path = ESKContainerViewController.m; sourceTree = "<group>"; };
		D43AF8C922E83F73000861AE /* ESKContainerCollectionView.h */ = {isa = PBXFileReference; lastKnownFileType = sourcecode.c.h; path = ESKContainerCollectionView.h; sourceTree = "<group>"; };
		D43AF8CA22E83F73000861AE /* ESKContainerCollectionView.m */ = {isa = PBXFileReference; lastKnownFileType = sourcecode.c.objc; path = ESKContainerCollectionView.m; sourceTree = "<group>"; };
		D43AF8CD22E83FA3000861AE /* ESKContainerCollectionViewController.m */ = {isa = PBXFileReference; lastKnownFileType = sourcecode.c.objc; path = ESKContainerCollectionViewController.m; sourceTree = "<group>"; };
		D43AF8CF22E85455000861AE /* ESKContainerCollectionViewController.h */ = {isa = PBXFileReference; fileEncoding = 4; lastKnownFileType = sourcecode.c.h; path = ESKContainerCollectionViewController.h; sourceTree = "<group>"; };
		D4404CE522EE527100B0BA37 /* ESKArcView.h */ = {isa = PBXFileReference; lastKnownFileType = sourcecode.c.h; path = ESKArcView.h; sourceTree = "<group>"; };
		D4404CE622EE527100B0BA37 /* ESKArcView.m */ = {isa = PBXFileReference; lastKnownFileType = sourcecode.c.objc; path = ESKArcView.m; sourceTree = "<group>"; };
		D44BF79122CBD19800D112E3 /* MainProject.app */ = {isa = PBXFileReference; explicitFileType = wrapper.application; includeInIndex = 0; path = MainProject.app; sourceTree = BUILT_PRODUCTS_DIR; };
		D44BF79422CBD19800D112E3 /* AppDelegate.h */ = {isa = PBXFileReference; lastKnownFileType = sourcecode.c.h; path = AppDelegate.h; sourceTree = "<group>"; };
		D44BF79522CBD19800D112E3 /* AppDelegate.m */ = {isa = PBXFileReference; lastKnownFileType = sourcecode.c.objc; path = AppDelegate.m; sourceTree = "<group>"; };
		D44BF79722CBD19800D112E3 /* ViewController.h */ = {isa = PBXFileReference; lastKnownFileType = sourcecode.c.h; path = ViewController.h; sourceTree = "<group>"; };
		D44BF79822CBD19800D112E3 /* ViewController.m */ = {isa = PBXFileReference; lastKnownFileType = sourcecode.c.objc; path = ViewController.m; sourceTree = "<group>"; };
		D44BF79B22CBD19800D112E3 /* Base */ = {isa = PBXFileReference; lastKnownFileType = file.storyboard; name = Base; path = Base.lproj/Main.storyboard; sourceTree = "<group>"; };
		D44BF79D22CBD19B00D112E3 /* Assets.xcassets */ = {isa = PBXFileReference; lastKnownFileType = folder.assetcatalog; path = Assets.xcassets; sourceTree = "<group>"; };
		D44BF7A022CBD19B00D112E3 /* Base */ = {isa = PBXFileReference; lastKnownFileType = file.storyboard; name = Base; path = Base.lproj/LaunchScreen.storyboard; sourceTree = "<group>"; };
		D44BF7A222CBD19B00D112E3 /* Info.plist */ = {isa = PBXFileReference; lastKnownFileType = text.plist.xml; path = Info.plist; sourceTree = "<group>"; };
		D44BF7A322CBD19B00D112E3 /* main.m */ = {isa = PBXFileReference; lastKnownFileType = sourcecode.c.objc; path = main.m; sourceTree = "<group>"; };
		D44BF7CF22D239DD00D112E3 /* ESKTextField.h */ = {isa = PBXFileReference; lastKnownFileType = sourcecode.c.h; path = ESKTextField.h; sourceTree = "<group>"; };
		D44BF7D022D239DD00D112E3 /* ESKTextField.m */ = {isa = PBXFileReference; lastKnownFileType = sourcecode.c.objc; path = ESKTextField.m; sourceTree = "<group>"; };
		D44BF7D622D3F0CF00D112E3 /* ESKRegistrationView.h */ = {isa = PBXFileReference; lastKnownFileType = sourcecode.c.h; path = ESKRegistrationView.h; sourceTree = "<group>"; };
		D44BF7D722D3F0CF00D112E3 /* ESKRegistrationView.m */ = {isa = PBXFileReference; lastKnownFileType = sourcecode.c.objc; path = ESKRegistrationView.m; sourceTree = "<group>"; };
		D44BF7E322D88B9F00D112E3 /* ESKAuthenticationView.h */ = {isa = PBXFileReference; lastKnownFileType = sourcecode.c.h; path = ESKAuthenticationView.h; sourceTree = "<group>"; };
		D44BF7E422D88B9F00D112E3 /* ESKAuthenticationView.m */ = {isa = PBXFileReference; lastKnownFileType = sourcecode.c.objc; path = ESKAuthenticationView.m; sourceTree = "<group>"; };
		D44BF7E622D88BB300D112E3 /* ESKAuthenticationViewController.h */ = {isa = PBXFileReference; lastKnownFileType = sourcecode.c.h; path = ESKAuthenticationViewController.h; sourceTree = "<group>"; };
		D44BF7E722D88BB300D112E3 /* ESKAuthenticationViewController.m */ = {isa = PBXFileReference; lastKnownFileType = sourcecode.c.objc; path = ESKAuthenticationViewController.m; sourceTree = "<group>"; };
		D44BF7E922D88BDD00D112E3 /* ESKAuthenticationProtocols.h */ = {isa = PBXFileReference; lastKnownFileType = sourcecode.c.h; path = ESKAuthenticationProtocols.h; sourceTree = "<group>"; };
		D44BF7EE22D89E3700D112E3 /* ESKRegistrationProtocols.h */ = {isa = PBXFileReference; lastKnownFileType = sourcecode.c.h; path = ESKRegistrationProtocols.h; sourceTree = "<group>"; };
		D44BF7EF22D8A15300D112E3 /* ESKRegistrationViewController.h */ = {isa = PBXFileReference; lastKnownFileType = sourcecode.c.h; path = ESKRegistrationViewController.h; sourceTree = "<group>"; };
		D44BF7F022D8A15300D112E3 /* ESKRegistrationViewController.m */ = {isa = PBXFileReference; lastKnownFileType = sourcecode.c.objc; path = ESKRegistrationViewController.m; sourceTree = "<group>"; };
		D44BF7F422D8B28D00D112E3 /* ESKAuthorizationService.h */ = {isa = PBXFileReference; lastKnownFileType = sourcecode.c.h; path = ESKAuthorizationService.h; sourceTree = "<group>"; };
		D44BF7F522D8B28D00D112E3 /* ESKAuthorizationService.m */ = {isa = PBXFileReference; lastKnownFileType = sourcecode.c.objc; path = ESKAuthorizationService.m; sourceTree = "<group>"; };
		D44BF7F722D8B2FC00D112E3 /* ESKAuthorizationServiceProtocol.h */ = {isa = PBXFileReference; lastKnownFileType = sourcecode.c.h; path = ESKAuthorizationServiceProtocol.h; sourceTree = "<group>"; };
		D4CED2D822E8E2B300AE5D3E /* ESKContainerCollectionViewProtocol.h */ = {isa = PBXFileReference; lastKnownFileType = sourcecode.c.h; path = ESKContainerCollectionViewProtocol.h; sourceTree = "<group>"; };
		D4CED2DD22EAC2B700AE5D3E /* ESKNotAuthorizedProfileView.h */ = {isa = PBXFileReference; lastKnownFileType = sourcecode.c.h; path = ESKNotAuthorizedProfileView.h; sourceTree = "<group>"; };
		D4CED2DE22EAC2B700AE5D3E /* ESKNotAuthorizedProfileView.m */ = {isa = PBXFileReference; lastKnownFileType = sourcecode.c.objc; path = ESKNotAuthorizedProfileView.m; sourceTree = "<group>"; };
		D4CED2E022EAC2CD00AE5D3E /* ESKProfileViewController.h */ = {isa = PBXFileReference; lastKnownFileType = sourcecode.c.h; path = ESKProfileViewController.h; sourceTree = "<group>"; };
		D4CED2E122EAC2CD00AE5D3E /* ESKProfileViewController.m */ = {isa = PBXFileReference; lastKnownFileType = sourcecode.c.objc; path = ESKProfileViewController.m; sourceTree = "<group>"; };
		D4CED2E322EAC83700AE5D3E /* ESKProfileViewProtocols.h */ = {isa = PBXFileReference; lastKnownFileType = sourcecode.c.h; path = ESKProfileViewProtocols.h; sourceTree = "<group>"; };
		D4CED2E422EADF3A00AE5D3E /* ESKProfileView.h */ = {isa = PBXFileReference; lastKnownFileType = sourcecode.c.h; path = ESKProfileView.h; sourceTree = "<group>"; };
		D4CED2E522EADF3A00AE5D3E /* ESKProfileView.m */ = {isa = PBXFileReference; lastKnownFileType = sourcecode.c.objc; path = ESKProfileView.m; sourceTree = "<group>"; };
		D4CED2E822EAE21C00AE5D3E /* ESKNetworkService.h */ = {isa = PBXFileReference; lastKnownFileType = sourcecode.c.h; path = ESKNetworkService.h; sourceTree = "<group>"; };
		D4CED2E922EAE21C00AE5D3E /* ESKNetworkService.m */ = {isa = PBXFileReference; lastKnownFileType = sourcecode.c.objc; path = ESKNetworkService.m; sourceTree = "<group>"; };
		D4CED2EB22EAE23200AE5D3E /* ESKNetworkServiceProtocol.h */ = {isa = PBXFileReference; lastKnownFileType = sourcecode.c.h; path = ESKNetworkServiceProtocol.h; sourceTree = "<group>"; };
		D4CED2EC22EAE24F00AE5D3E /* ESKNetworkHelper.h */ = {isa = PBXFileReference; lastKnownFileType = sourcecode.c.h; path = ESKNetworkHelper.h; sourceTree = "<group>"; };
		D4CED2ED22EAE24F00AE5D3E /* ESKNetworkHelper.m */ = {isa = PBXFileReference; lastKnownFileType = sourcecode.c.objc; path = ESKNetworkHelper.m; sourceTree = "<group>"; };
		D4CED2F222EB514000AE5D3E /* ESKProfileModele.h */ = {isa = PBXFileReference; lastKnownFileType = sourcecode.c.h; path = ESKProfileModele.h; sourceTree = "<group>"; };
		D4CED2F322EB514000AE5D3E /* ESKProfileModele.m */ = {isa = PBXFileReference; lastKnownFileType = sourcecode.c.objc; path = ESKProfileModele.m; sourceTree = "<group>"; };
		D4CED2F922EC481300AE5D3E /* ESKWallViewController.h */ = {isa = PBXFileReference; lastKnownFileType = sourcecode.c.h; path = ESKWallViewController.h; sourceTree = "<group>"; };
		D4CED2FA22EC481300AE5D3E /* ESKWallViewController.m */ = {isa = PBXFileReference; lastKnownFileType = sourcecode.c.objc; path = ESKWallViewController.m; sourceTree = "<group>"; };
		D4CED2FC22EC483D00AE5D3E /* ESKWallPostCell.h */ = {isa = PBXFileReference; lastKnownFileType = sourcecode.c.h; path = ESKWallPostCell.h; sourceTree = "<group>"; };
		D4CED2FD22EC483D00AE5D3E /* ESKWallPostCell.m */ = {isa = PBXFileReference; lastKnownFileType = sourcecode.c.objc; path = ESKWallPostCell.m; sourceTree = "<group>"; };
		D4CED2FF22EC4E1200AE5D3E /* Post.h */ = {isa = PBXFileReference; lastKnownFileType = sourcecode.c.h; path = Post.h; sourceTree = "<group>"; };
		D4CED30022EC4E1200AE5D3E /* Post.m */ = {isa = PBXFileReference; lastKnownFileType = sourcecode.c.objc; path = Post.m; sourceTree = "<group>"; };
		D4CED30222EC619700AE5D3E /* ESKWallCollectionView.h */ = {isa = PBXFileReference; lastKnownFileType = sourcecode.c.h; path = ESKWallCollectionView.h; sourceTree = "<group>"; };
		D4CED30322EC619700AE5D3E /* ESKWallCollectionView.m */ = {isa = PBXFileReference; lastKnownFileType = sourcecode.c.objc; path = ESKWallCollectionView.m; sourceTree = "<group>"; };
/* End PBXFileReference section */

/* Begin PBXFrameworksBuildPhase section */
		D44BF78E22CBD19800D112E3 /* Frameworks */ = {
			isa = PBXFrameworksBuildPhase;
			buildActionMask = 2147483647;
			files = (
			);
			runOnlyForDeploymentPostprocessing = 0;
		};
/* End PBXFrameworksBuildPhase section */

/* Begin PBXGroup section */
		D41E104022EE0D3A001E698A /* Object */ = {
			isa = PBXGroup;
			children = (
				D41E103722EDD65E001E698A /* ESKUser.h */,
				D41E103822EDD65E001E698A /* ESKUser.m */,
				D4CED2FF22EC4E1200AE5D3E /* Post.h */,
				D4CED30022EC4E1200AE5D3E /* Post.m */,
			);
			name = Object;
			sourceTree = "<group>";
		};
		D43AF8C722E83E67000861AE /* TabBar */ = {
			isa = PBXGroup;
			children = (
				D4139F0E22E87E7A000F8597 /* ESKTabBatProtocols.h */,
				D43AF8B822E66F49000861AE /* ESKTabBarItem.h */,
				D43AF8B922E66F49000861AE /* ESKTabBarItem.m */,
				D4139F0F22E87F98000F8597 /* ESKTabBarCollectionView.h */,
				D4139F1022E87F98000F8597 /* ESKTabBarCollectionView.m */,
				D43AF8B522E66E6A000861AE /* ESKTabBar.h */,
				D43AF8B622E66E6A000861AE /* ESKTabBar.m */,
			);
			name = TabBar;
			sourceTree = "<group>";
		};
		D43AF8C822E83E76000861AE /* ContainerCollectionView */ = {
			isa = PBXGroup;
			children = (
				D4CED2D822E8E2B300AE5D3E /* ESKContainerCollectionViewProtocol.h */,
				D43AF8BE22E794C7000861AE /* ESKContainerCollectionViewCell.h */,
				D43AF8BF22E794C7000861AE /* ESKContainerCollectionViewCell.m */,
				D43AF8C922E83F73000861AE /* ESKContainerCollectionView.h */,
				D43AF8CA22E83F73000861AE /* ESKContainerCollectionView.m */,
				D43AF8CF22E85455000861AE /* ESKContainerCollectionViewController.h */,
				D43AF8CD22E83FA3000861AE /* ESKContainerCollectionViewController.m */,
			);
			name = ContainerCollectionView;
			sourceTree = "<group>";
		};
		D44BF78822CBD19800D112E3 = {
			isa = PBXGroup;
			children = (
				D44BF79322CBD19800D112E3 /* MainProject */,
				D44BF79222CBD19800D112E3 /* Products */,
			);
			sourceTree = "<group>";
		};
		D44BF79222CBD19800D112E3 /* Products */ = {
			isa = PBXGroup;
			children = (
				D44BF79122CBD19800D112E3 /* MainProject.app */,
			);
			name = Products;
			sourceTree = "<group>";
		};
		D44BF79322CBD19800D112E3 /* MainProject */ = {
			isa = PBXGroup;
			children = (
				D43AF8AB22E332D6000861AE /* ESKConstants.h */,
				D43AF8AD22E33A13000861AE /* ESKUserDefaultsHelper.h */,
				D41E104022EE0D3A001E698A /* Object */,
				D44BF7F322D8B25E00D112E3 /* AuthorizationService */,
				D44BF7ED22D89DAA00D112E3 /* Registration */,
				D44BF7E222D88B0D00D112E3 /* Authentication */,
				D44BF7D522D3F08200D112E3 /* CustomViews */,
				D44BF85022DF844C00D112E3 /* ContainerViewController */,
				D4CED2E722EAE19900AE5D3E /* NetworkService */,
				D4CED2D922EAC27500AE5D3E /* Profile */,
				D4CED2F522EC47B400AE5D3E /* Wall */,
				D44BF79422CBD19800D112E3 /* AppDelegate.h */,
				D44BF79522CBD19800D112E3 /* AppDelegate.m */,
				D44BF79722CBD19800D112E3 /* ViewController.h */,
				D44BF79822CBD19800D112E3 /* ViewController.m */,
				D44BF79A22CBD19800D112E3 /* Main.storyboard */,
				D44BF79D22CBD19B00D112E3 /* Assets.xcassets */,
				D44BF79F22CBD19B00D112E3 /* LaunchScreen.storyboard */,
				D44BF7A222CBD19B00D112E3 /* Info.plist */,
				D44BF7A322CBD19B00D112E3 /* main.m */,
			);
			path = MainProject;
			sourceTree = "<group>";
		};
		D44BF7D522D3F08200D112E3 /* CustomViews */ = {
			isa = PBXGroup;
			children = (
				D43AF8B322E46C52000861AE /* ESKCloseViewProtocol.h */,
				D43AF8B022E45038000861AE /* ESKDraggingCloseView.h */,
				D43AF8B122E45038000861AE /* ESKDraggingCloseView.m */,
				D44BF7CF22D239DD00D112E3 /* ESKTextField.h */,
				D44BF7D022D239DD00D112E3 /* ESKTextField.m */,
				D4404CE522EE527100B0BA37 /* ESKArcView.h */,
				D4404CE622EE527100B0BA37 /* ESKArcView.m */,
			);
			name = CustomViews;
			sourceTree = "<group>";
		};
		D44BF7E222D88B0D00D112E3 /* Authentication */ = {
			isa = PBXGroup;
			children = (
				D44BF7E922D88BDD00D112E3 /* ESKAuthenticationProtocols.h */,
				D44BF7E322D88B9F00D112E3 /* ESKAuthenticationView.h */,
				D44BF7E422D88B9F00D112E3 /* ESKAuthenticationView.m */,
				D44BF7E622D88BB300D112E3 /* ESKAuthenticationViewController.h */,
				D44BF7E722D88BB300D112E3 /* ESKAuthenticationViewController.m */,
				D41E103A22EDDBF4001E698A /* ESKAuthenticationPresenter.h */,
				D41E103B22EDDBF4001E698A /* ESKAuthenticationPresenter.m */,
			);
			name = Authentication;
			sourceTree = "<group>";
		};
		D44BF7ED22D89DAA00D112E3 /* Registration */ = {
			isa = PBXGroup;
			children = (
				D44BF7EE22D89E3700D112E3 /* ESKRegistrationProtocols.h */,
				D44BF7D622D3F0CF00D112E3 /* ESKRegistrationView.h */,
				D44BF7D722D3F0CF00D112E3 /* ESKRegistrationView.m */,
				D44BF7EF22D8A15300D112E3 /* ESKRegistrationViewController.h */,
				D44BF7F022D8A15300D112E3 /* ESKRegistrationViewController.m */,
				D41E103D22EDF081001E698A /* ESKRegistrationPresenter.h */,
				D41E103E22EDF081001E698A /* ESKRegistrationPresenter.m */,
			);
			name = Registration;
			sourceTree = "<group>";
		};
		D44BF7F322D8B25E00D112E3 /* AuthorizationService */ = {
			isa = PBXGroup;
			children = (
				D44BF7F722D8B2FC00D112E3 /* ESKAuthorizationServiceProtocol.h */,
				D44BF7F422D8B28D00D112E3 /* ESKAuthorizationService.h */,
				D44BF7F522D8B28D00D112E3 /* ESKAuthorizationService.m */,
			);
			name = AuthorizationService;
			sourceTree = "<group>";
		};
		D44BF85022DF844C00D112E3 /* ContainerViewController */ = {
			isa = PBXGroup;
			children = (
				D43AF8C822E83E76000861AE /* ContainerCollectionView */,
				D43AF8C722E83E67000861AE /* TabBar */,
				D43AF8C122E7A589000861AE /* ESKContainerViewController.h */,
				D43AF8C222E7A589000861AE /* ESKContainerViewController.m */,
			);
			name = ContainerViewController;
			sourceTree = "<group>";
		};
		D4CED2D922EAC27500AE5D3E /* Profile */ = {
			isa = PBXGroup;
			children = (
				D4CED2F022EB510F00AE5D3E /* Model */,
				D4CED2EF22EB50F600AE5D3E /* View */,
				D4CED2F122EB511800AE5D3E /* Presenter */,
			);
			name = Profile;
			sourceTree = "<group>";
		};
		D4CED2E722EAE19900AE5D3E /* NetworkService */ = {
			isa = PBXGroup;
			children = (
				D4CED2EB22EAE23200AE5D3E /* ESKNetworkServiceProtocol.h */,
				D4CED2E822EAE21C00AE5D3E /* ESKNetworkService.h */,
				D4CED2E922EAE21C00AE5D3E /* ESKNetworkService.m */,
				D4CED2EC22EAE24F00AE5D3E /* ESKNetworkHelper.h */,
				D4CED2ED22EAE24F00AE5D3E /* ESKNetworkHelper.m */,
			);
			name = NetworkService;
			sourceTree = "<group>";
		};
		D4CED2EF22EB50F600AE5D3E /* View */ = {
			isa = PBXGroup;
			children = (
				D4CED2E322EAC83700AE5D3E /* ESKProfileViewProtocols.h */,
				D4CED2E422EADF3A00AE5D3E /* ESKProfileView.h */,
				D4CED2E522EADF3A00AE5D3E /* ESKProfileView.m */,
				D4CED2E022EAC2CD00AE5D3E /* ESKProfileViewController.h */,
				D4CED2E122EAC2CD00AE5D3E /* ESKProfileViewController.m */,
				D4CED2DD22EAC2B700AE5D3E /* ESKNotAuthorizedProfileView.h */,
				D4CED2DE22EAC2B700AE5D3E /* ESKNotAuthorizedProfileView.m */,
			);
			name = View;
			sourceTree = "<group>";
		};
		D4CED2F022EB510F00AE5D3E /* Model */ = {
			isa = PBXGroup;
			children = (
				D4CED2F222EB514000AE5D3E /* ESKProfileModele.h */,
				D4CED2F322EB514000AE5D3E /* ESKProfileModele.m */,
			);
			name = Model;
			sourceTree = "<group>";
		};
		D4CED2F122EB511800AE5D3E /* Presenter */ = {
			isa = PBXGroup;
			children = (
				D41E103322ED117C001E698A /* ESKProfilePresenter.h */,
				D41E103422ED117C001E698A /* ESKProfilePresenter.m */,
			);
			name = Presenter;
			sourceTree = "<group>";
		};
		D4CED2F522EC47B400AE5D3E /* Wall */ = {
			isa = PBXGroup;
			children = (
				D4CED2F622EC47C400AE5D3E /* Model */,
				D4CED2F722EC47CB00AE5D3E /* View */,
				D4CED2F822EC47D000AE5D3E /* Presentor */,
			);
			name = Wall;
			sourceTree = "<group>";
		};
		D4CED2F622EC47C400AE5D3E /* Model */ = {
			isa = PBXGroup;
			children = (
			);
			name = Model;
			sourceTree = "<group>";
		};
		D4CED2F722EC47CB00AE5D3E /* View */ = {
			isa = PBXGroup;
			children = (
				D41E103622EDC404001E698A /* WallViewProtocols.h */,
				D4CED2F922EC481300AE5D3E /* ESKWallViewController.h */,
				D4CED2FA22EC481300AE5D3E /* ESKWallViewController.m */,
				D4CED30222EC619700AE5D3E /* ESKWallCollectionView.h */,
				D4CED30322EC619700AE5D3E /* ESKWallCollectionView.m */,
				D4CED2FC22EC483D00AE5D3E /* ESKWallPostCell.h */,
				D4CED2FD22EC483D00AE5D3E /* ESKWallPostCell.m */,
			);
			name = View;
			sourceTree = "<group>";
		};
		D4CED2F822EC47D000AE5D3E /* Presentor */ = {
			isa = PBXGroup;
			children = (
			);
			name = Presentor;
			sourceTree = "<group>";
		};
/* End PBXGroup section */

/* Begin PBXNativeTarget section */
		D44BF79022CBD19800D112E3 /* MainProject */ = {
			isa = PBXNativeTarget;
			buildConfigurationList = D44BF7A722CBD19B00D112E3 /* Build configuration list for PBXNativeTarget "MainProject" */;
			buildPhases = (
				D44BF78D22CBD19800D112E3 /* Sources */,
				D44BF78E22CBD19800D112E3 /* Frameworks */,
				D44BF78F22CBD19800D112E3 /* Resources */,
			);
			buildRules = (
			);
			dependencies = (
			);
			name = MainProject;
			productName = MainProject;
			productReference = D44BF79122CBD19800D112E3 /* MainProject.app */;
			productType = "com.apple.product-type.application";
		};
/* End PBXNativeTarget section */

/* Begin PBXProject section */
		D44BF78922CBD19800D112E3 /* Project object */ = {
			isa = PBXProject;
			attributes = {
				LastUpgradeCheck = 1020;
				ORGANIZATIONNAME = "Gagik Avetisyan";
				TargetAttributes = {
					D44BF79022CBD19800D112E3 = {
						CreatedOnToolsVersion = 10.2.1;
					};
				};
			};
			buildConfigurationList = D44BF78C22CBD19800D112E3 /* Build configuration list for PBXProject "MainProject" */;
			compatibilityVersion = "Xcode 9.3";
			developmentRegion = en;
			hasScannedForEncodings = 0;
			knownRegions = (
				en,
				Base,
			);
			mainGroup = D44BF78822CBD19800D112E3;
			productRefGroup = D44BF79222CBD19800D112E3 /* Products */;
			projectDirPath = "";
			projectRoot = "";
			targets = (
				D44BF79022CBD19800D112E3 /* MainProject */,
			);
		};
/* End PBXProject section */

/* Begin PBXResourcesBuildPhase section */
		D44BF78F22CBD19800D112E3 /* Resources */ = {
			isa = PBXResourcesBuildPhase;
			buildActionMask = 2147483647;
			files = (
				D44BF7A122CBD19B00D112E3 /* LaunchScreen.storyboard in Resources */,
				D44BF79E22CBD19B00D112E3 /* Assets.xcassets in Resources */,
				D44BF79C22CBD19800D112E3 /* Main.storyboard in Resources */,
			);
			runOnlyForDeploymentPostprocessing = 0;
		};
/* End PBXResourcesBuildPhase section */

/* Begin PBXSourcesBuildPhase section */
		D44BF78D22CBD19800D112E3 /* Sources */ = {
			isa = PBXSourcesBuildPhase;
			buildActionMask = 2147483647;
			files = (
				D43AF8C022E794C7000861AE /* ESKContainerCollectionViewCell.m in Sources */,
				D4CED2FE22EC483D00AE5D3E /* ESKWallPostCell.m in Sources */,
				D44BF7D122D239DD00D112E3 /* ESKTextField.m in Sources */,
				D44BF7F122D8A15300D112E3 /* ESKRegistrationViewController.m in Sources */,
				D44BF79922CBD19800D112E3 /* ViewController.m in Sources */,
				D44BF7E522D88B9F00D112E3 /* ESKAuthenticationView.m in Sources */,
				D43AF8B222E45038000861AE /* ESKDraggingCloseView.m in Sources */,
				D43AF8B722E66E6A000861AE /* ESKTabBar.m in Sources */,
				D44BF7A422CBD19B00D112E3 /* main.m in Sources */,
				D44BF7F622D8B28D00D112E3 /* ESKAuthorizationService.m in Sources */,
				D41E103F22EDF081001E698A /* ESKRegistrationPresenter.m in Sources */,
				D43AF8CB22E83F73000861AE /* ESKContainerCollectionView.m in Sources */,
				D4CED2FB22EC481300AE5D3E /* ESKWallViewController.m in Sources */,
				D4CED30122EC4E1200AE5D3E /* Post.m in Sources */,
				D44BF7E822D88BB300D112E3 /* ESKAuthenticationViewController.m in Sources */,
				D43AF8C322E7A589000861AE /* ESKContainerViewController.m in Sources */,
				D4CED2DF22EAC2B700AE5D3E /* ESKNotAuthorizedProfileView.m in Sources */,
				D4CED2EA22EAE21C00AE5D3E /* ESKNetworkService.m in Sources */,
				D4CED2EE22EAE24F00AE5D3E /* ESKNetworkHelper.m in Sources */,
				D44BF7D822D3F0CF00D112E3 /* ESKRegistrationView.m in Sources */,
				D41E103922EDD65E001E698A /* ESKUser.m in Sources */,
				D4CED30422EC619700AE5D3E /* ESKWallCollectionView.m in Sources */,
				D4CED2E622EADF3A00AE5D3E /* ESKProfileView.m in Sources */,
				D43AF8BA22E66F49000861AE /* ESKTabBarItem.m in Sources */,
				D4CED2E222EAC2CD00AE5D3E /* ESKProfileViewController.m in Sources */,
				D43AF8CE22E83FA3000861AE /* ESKContainerCollectionViewController.m in Sources */,
				D41E103C22EDDBF4001E698A /* ESKAuthenticationPresenter.m in Sources */,
				D4404CE722EE527100B0BA37 /* ESKArcView.m in Sources */,
				D4139F1122E87F98000F8597 /* ESKTabBarCollectionView.m in Sources */,
				D44BF79622CBD19800D112E3 /* AppDelegate.m in Sources */,
				D41E103522ED117C001E698A /* ESKProfilePresenter.m in Sources */,
				D4CED2F422EB514000AE5D3E /* ESKProfileModele.m in Sources */,
			);
			runOnlyForDeploymentPostprocessing = 0;
		};
/* End PBXSourcesBuildPhase section */

/* Begin PBXVariantGroup section */
		D44BF79A22CBD19800D112E3 /* Main.storyboard */ = {
			isa = PBXVariantGroup;
			children = (
				D44BF79B22CBD19800D112E3 /* Base */,
			);
			name = Main.storyboard;
			sourceTree = "<group>";
		};
		D44BF79F22CBD19B00D112E3 /* LaunchScreen.storyboard */ = {
			isa = PBXVariantGroup;
			children = (
				D44BF7A022CBD19B00D112E3 /* Base */,
			);
			name = LaunchScreen.storyboard;
			sourceTree = "<group>";
		};
/* End PBXVariantGroup section */

/* Begin XCBuildConfiguration section */
		D44BF7A522CBD19B00D112E3 /* Debug */ = {
			isa = XCBuildConfiguration;
			buildSettings = {
				ALWAYS_SEARCH_USER_PATHS = NO;
				CLANG_ANALYZER_NONNULL = YES;
				CLANG_ANALYZER_NUMBER_OBJECT_CONVERSION = YES_AGGRESSIVE;
				CLANG_CXX_LANGUAGE_STANDARD = "gnu++14";
				CLANG_CXX_LIBRARY = "libc++";
				CLANG_ENABLE_MODULES = YES;
				CLANG_ENABLE_OBJC_ARC = YES;
				CLANG_ENABLE_OBJC_WEAK = YES;
				CLANG_WARN_BLOCK_CAPTURE_AUTORELEASING = YES;
				CLANG_WARN_BOOL_CONVERSION = YES;
				CLANG_WARN_COMMA = YES;
				CLANG_WARN_CONSTANT_CONVERSION = YES;
				CLANG_WARN_DEPRECATED_OBJC_IMPLEMENTATIONS = YES;
				CLANG_WARN_DIRECT_OBJC_ISA_USAGE = YES_ERROR;
				CLANG_WARN_DOCUMENTATION_COMMENTS = YES;
				CLANG_WARN_EMPTY_BODY = YES;
				CLANG_WARN_ENUM_CONVERSION = YES;
				CLANG_WARN_INFINITE_RECURSION = YES;
				CLANG_WARN_INT_CONVERSION = YES;
				CLANG_WARN_NON_LITERAL_NULL_CONVERSION = YES;
				CLANG_WARN_OBJC_IMPLICIT_RETAIN_SELF = YES;
				CLANG_WARN_OBJC_LITERAL_CONVERSION = YES;
				CLANG_WARN_OBJC_ROOT_CLASS = YES_ERROR;
				CLANG_WARN_RANGE_LOOP_ANALYSIS = YES;
				CLANG_WARN_STRICT_PROTOTYPES = YES;
				CLANG_WARN_SUSPICIOUS_MOVE = YES;
				CLANG_WARN_UNGUARDED_AVAILABILITY = YES_AGGRESSIVE;
				CLANG_WARN_UNREACHABLE_CODE = YES;
				CLANG_WARN__DUPLICATE_METHOD_MATCH = YES;
				CODE_SIGN_IDENTITY = "iPhone Developer";
				COPY_PHASE_STRIP = NO;
				DEBUG_INFORMATION_FORMAT = dwarf;
				ENABLE_STRICT_OBJC_MSGSEND = YES;
				ENABLE_TESTABILITY = YES;
				GCC_C_LANGUAGE_STANDARD = gnu11;
				GCC_DYNAMIC_NO_PIC = NO;
				GCC_NO_COMMON_BLOCKS = YES;
				GCC_OPTIMIZATION_LEVEL = 0;
				GCC_PREPROCESSOR_DEFINITIONS = (
					"DEBUG=1",
					"$(inherited)",
				);
				GCC_WARN_64_TO_32_BIT_CONVERSION = YES;
				GCC_WARN_ABOUT_RETURN_TYPE = YES_ERROR;
				GCC_WARN_UNDECLARED_SELECTOR = YES;
				GCC_WARN_UNINITIALIZED_AUTOS = YES_AGGRESSIVE;
				GCC_WARN_UNUSED_FUNCTION = YES;
				GCC_WARN_UNUSED_VARIABLE = YES;
				IPHONEOS_DEPLOYMENT_TARGET = 12.2;
				MTL_ENABLE_DEBUG_INFO = INCLUDE_SOURCE;
				MTL_FAST_MATH = YES;
				ONLY_ACTIVE_ARCH = YES;
				SDKROOT = iphoneos;
			};
			name = Debug;
		};
		D44BF7A622CBD19B00D112E3 /* Release */ = {
			isa = XCBuildConfiguration;
			buildSettings = {
				ALWAYS_SEARCH_USER_PATHS = NO;
				CLANG_ANALYZER_NONNULL = YES;
				CLANG_ANALYZER_NUMBER_OBJECT_CONVERSION = YES_AGGRESSIVE;
				CLANG_CXX_LANGUAGE_STANDARD = "gnu++14";
				CLANG_CXX_LIBRARY = "libc++";
				CLANG_ENABLE_MODULES = YES;
				CLANG_ENABLE_OBJC_ARC = YES;
				CLANG_ENABLE_OBJC_WEAK = YES;
				CLANG_WARN_BLOCK_CAPTURE_AUTORELEASING = YES;
				CLANG_WARN_BOOL_CONVERSION = YES;
				CLANG_WARN_COMMA = YES;
				CLANG_WARN_CONSTANT_CONVERSION = YES;
				CLANG_WARN_DEPRECATED_OBJC_IMPLEMENTATIONS = YES;
				CLANG_WARN_DIRECT_OBJC_ISA_USAGE = YES_ERROR;
				CLANG_WARN_DOCUMENTATION_COMMENTS = YES;
				CLANG_WARN_EMPTY_BODY = YES;
				CLANG_WARN_ENUM_CONVERSION = YES;
				CLANG_WARN_INFINITE_RECURSION = YES;
				CLANG_WARN_INT_CONVERSION = YES;
				CLANG_WARN_NON_LITERAL_NULL_CONVERSION = YES;
				CLANG_WARN_OBJC_IMPLICIT_RETAIN_SELF = YES;
				CLANG_WARN_OBJC_LITERAL_CONVERSION = YES;
				CLANG_WARN_OBJC_ROOT_CLASS = YES_ERROR;
				CLANG_WARN_RANGE_LOOP_ANALYSIS = YES;
				CLANG_WARN_STRICT_PROTOTYPES = YES;
				CLANG_WARN_SUSPICIOUS_MOVE = YES;
				CLANG_WARN_UNGUARDED_AVAILABILITY = YES_AGGRESSIVE;
				CLANG_WARN_UNREACHABLE_CODE = YES;
				CLANG_WARN__DUPLICATE_METHOD_MATCH = YES;
				CODE_SIGN_IDENTITY = "iPhone Developer";
				COPY_PHASE_STRIP = NO;
				DEBUG_INFORMATION_FORMAT = "dwarf-with-dsym";
				ENABLE_NS_ASSERTIONS = NO;
				ENABLE_STRICT_OBJC_MSGSEND = YES;
				GCC_C_LANGUAGE_STANDARD = gnu11;
				GCC_NO_COMMON_BLOCKS = YES;
				GCC_WARN_64_TO_32_BIT_CONVERSION = YES;
				GCC_WARN_ABOUT_RETURN_TYPE = YES_ERROR;
				GCC_WARN_UNDECLARED_SELECTOR = YES;
				GCC_WARN_UNINITIALIZED_AUTOS = YES_AGGRESSIVE;
				GCC_WARN_UNUSED_FUNCTION = YES;
				GCC_WARN_UNUSED_VARIABLE = YES;
				IPHONEOS_DEPLOYMENT_TARGET = 12.2;
				MTL_ENABLE_DEBUG_INFO = NO;
				MTL_FAST_MATH = YES;
				SDKROOT = iphoneos;
				VALIDATE_PRODUCT = YES;
			};
			name = Release;
		};
		D44BF7A822CBD19B00D112E3 /* Debug */ = {
			isa = XCBuildConfiguration;
			buildSettings = {
				ASSETCATALOG_COMPILER_APPICON_NAME = AppIcon;
				CODE_SIGN_STYLE = Automatic;
				DEVELOPMENT_TEAM = 64FJ833QL3;
				INFOPLIST_FILE = MainProject/Info.plist;
				LD_RUNPATH_SEARCH_PATHS = (
					"$(inherited)",
					"@executable_path/Frameworks",
				);
				PRODUCT_BUNDLE_IDENTIFIER = com.TheEska.MainProject;
				PRODUCT_NAME = "$(TARGET_NAME)";
				TARGETED_DEVICE_FAMILY = "1,2";
			};
			name = Debug;
		};
		D44BF7A922CBD19B00D112E3 /* Release */ = {
			isa = XCBuildConfiguration;
			buildSettings = {
				ASSETCATALOG_COMPILER_APPICON_NAME = AppIcon;
				CODE_SIGN_STYLE = Automatic;
				DEVELOPMENT_TEAM = 64FJ833QL3;
				INFOPLIST_FILE = MainProject/Info.plist;
				LD_RUNPATH_SEARCH_PATHS = (
					"$(inherited)",
					"@executable_path/Frameworks",
				);
				PRODUCT_BUNDLE_IDENTIFIER = com.TheEska.MainProject;
				PRODUCT_NAME = "$(TARGET_NAME)";
				TARGETED_DEVICE_FAMILY = "1,2";
			};
			name = Release;
		};
/* End XCBuildConfiguration section */

/* Begin XCConfigurationList section */
		D44BF78C22CBD19800D112E3 /* Build configuration list for PBXProject "MainProject" */ = {
			isa = XCConfigurationList;
			buildConfigurations = (
				D44BF7A522CBD19B00D112E3 /* Debug */,
				D44BF7A622CBD19B00D112E3 /* Release */,
			);
			defaultConfigurationIsVisible = 0;
			defaultConfigurationName = Release;
		};
		D44BF7A722CBD19B00D112E3 /* Build configuration list for PBXNativeTarget "MainProject" */ = {
			isa = XCConfigurationList;
			buildConfigurations = (
				D44BF7A822CBD19B00D112E3 /* Debug */,
				D44BF7A922CBD19B00D112E3 /* Release */,
			);
			defaultConfigurationIsVisible = 0;
			defaultConfigurationName = Release;
		};
/* End XCConfigurationList section */
	};
	rootObject = D44BF78922CBD19800D112E3 /* Project object */;
}
